// !$*UTF8*$!
{
	archiveVersion = 1;
	classes = {
	};
	objectVersion = 56;
	objects = {

/* Begin PBXBuildFile section */
		60103ED02A7CCA6A00EFDCA2 /* AppDelegate.swift in Sources */ = {isa = PBXBuildFile; fileRef = 60103ECF2A7CCA6A00EFDCA2 /* AppDelegate.swift */; };
		60103ED22A7CCA6A00EFDCA2 /* SceneDelegate.swift in Sources */ = {isa = PBXBuildFile; fileRef = 60103ED12A7CCA6A00EFDCA2 /* SceneDelegate.swift */; };
		60103ED42A7CCA6A00EFDCA2 /* LoginViewController.swift in Sources */ = {isa = PBXBuildFile; fileRef = 60103ED32A7CCA6A00EFDCA2 /* LoginViewController.swift */; };
		60103ED72A7CCA6A00EFDCA2 /* Main.storyboard in Resources */ = {isa = PBXBuildFile; fileRef = 60103ED52A7CCA6A00EFDCA2 /* Main.storyboard */; };
		60103ED92A7CCA6A00EFDCA2 /* Assets.xcassets in Resources */ = {isa = PBXBuildFile; fileRef = 60103ED82A7CCA6A00EFDCA2 /* Assets.xcassets */; };
		60103EDC2A7CCA6A00EFDCA2 /* LaunchScreen.storyboard in Resources */ = {isa = PBXBuildFile; fileRef = 60103EDA2A7CCA6A00EFDCA2 /* LaunchScreen.storyboard */; };
		60103EE42A7CFA5100EFDCA2 /* WelcomeViewController.swift in Sources */ = {isa = PBXBuildFile; fileRef = 60103EE32A7CFA5100EFDCA2 /* WelcomeViewController.swift */; };
		609C18392A8239F2002ADBB5 /* Users.swift in Sources */ = {isa = PBXBuildFile; fileRef = 609C18382A8239F2002ADBB5 /* Users.swift */; };
		609C183E2A825445002ADBB5 /* Media.xcassets in Resources */ = {isa = PBXBuildFile; fileRef = 609C183D2A825445002ADBB5 /* Media.xcassets */; };
		609C18402A827044002ADBB5 /* ResumeViewController.swift in Sources */ = {isa = PBXBuildFile; fileRef = 609C183F2A827044002ADBB5 /* ResumeViewController.swift */; };
		609C18422A82705D002ADBB5 /* BioViewController.swift in Sources */ = {isa = PBXBuildFile; fileRef = 609C18412A82705D002ADBB5 /* BioViewController.swift */; };
/* End PBXBuildFile section */

/* Begin PBXFileReference section */
		60103ECC2A7CCA6A00EFDCA2 /* AboutMeApp.app */ = {isa = PBXFileReference; explicitFileType = wrapper.application; includeInIndex = 0; path = AboutMeApp.app; sourceTree = BUILT_PRODUCTS_DIR; };
		60103ECF2A7CCA6A00EFDCA2 /* AppDelegate.swift */ = {isa = PBXFileReference; lastKnownFileType = sourcecode.swift; path = AppDelegate.swift; sourceTree = "<group>"; };
		60103ED12A7CCA6A00EFDCA2 /* SceneDelegate.swift */ = {isa = PBXFileReference; lastKnownFileType = sourcecode.swift; path = SceneDelegate.swift; sourceTree = "<group>"; };
		60103ED32A7CCA6A00EFDCA2 /* LoginViewController.swift */ = {isa = PBXFileReference; lastKnownFileType = sourcecode.swift; path = LoginViewController.swift; sourceTree = "<group>"; };
		60103ED62A7CCA6A00EFDCA2 /* Base */ = {isa = PBXFileReference; lastKnownFileType = file.storyboard; name = Base; path = Base.lproj/Main.storyboard; sourceTree = "<group>"; };
		60103ED82A7CCA6A00EFDCA2 /* Assets.xcassets */ = {isa = PBXFileReference; lastKnownFileType = folder.assetcatalog; path = Assets.xcassets; sourceTree = "<group>"; };
		60103EDB2A7CCA6A00EFDCA2 /* Base */ = {isa = PBXFileReference; lastKnownFileType = file.storyboard; name = Base; path = Base.lproj/LaunchScreen.storyboard; sourceTree = "<group>"; };
		60103EDD2A7CCA6A00EFDCA2 /* Info.plist */ = {isa = PBXFileReference; lastKnownFileType = text.plist.xml; path = Info.plist; sourceTree = "<group>"; };
		60103EE32A7CFA5100EFDCA2 /* WelcomeViewController.swift */ = {isa = PBXFileReference; lastKnownFileType = sourcecode.swift; path = WelcomeViewController.swift; sourceTree = "<group>"; };
		609C18382A8239F2002ADBB5 /* Users.swift */ = {isa = PBXFileReference; lastKnownFileType = sourcecode.swift; path = Users.swift; sourceTree = "<group>"; };
		609C183D2A825445002ADBB5 /* Media.xcassets */ = {isa = PBXFileReference; lastKnownFileType = folder.assetcatalog; path = Media.xcassets; sourceTree = "<group>"; };
		609C183F2A827044002ADBB5 /* ResumeViewController.swift */ = {isa = PBXFileReference; lastKnownFileType = sourcecode.swift; path = ResumeViewController.swift; sourceTree = "<group>"; };
		609C18412A82705D002ADBB5 /* BioViewController.swift */ = {isa = PBXFileReference; lastKnownFileType = sourcecode.swift; path = BioViewController.swift; sourceTree = "<group>"; };
/* End PBXFileReference section */

/* Begin PBXFrameworksBuildPhase section */
		60103EC92A7CCA6A00EFDCA2 /* Frameworks */ = {
			isa = PBXFrameworksBuildPhase;
			buildActionMask = 2147483647;
			files = (
			);
			runOnlyForDeploymentPostprocessing = 0;
		};
/* End PBXFrameworksBuildPhase section */

/* Begin PBXGroup section */
		60103EC32A7CCA6A00EFDCA2 = {
			isa = PBXGroup;
			children = (
				60103ECE2A7CCA6A00EFDCA2 /* AboutMeApp */,
				60103ECD2A7CCA6A00EFDCA2 /* Products */,
			);
			sourceTree = "<group>";
		};
		60103ECD2A7CCA6A00EFDCA2 /* Products */ = {
			isa = PBXGroup;
			children = (
				60103ECC2A7CCA6A00EFDCA2 /* AboutMeApp.app */,
			);
			name = Products;
			sourceTree = "<group>";
		};
		60103ECE2A7CCA6A00EFDCA2 /* AboutMeApp */ = {
			isa = PBXGroup;
			children = (
				609C18342A8234C8002ADBB5 /* ViewControlles */,
				609C18372A8235F1002ADBB5 /* Models */,
				609C18352A8234E5002ADBB5 /* Storyboards */,
				609C183A2A824A3B002ADBB5 /* Images */,
				60103ED82A7CCA6A00EFDCA2 /* Assets.xcassets */,
				609C18362A82353C002ADBB5 /* App */,
			);
			path = AboutMeApp;
			sourceTree = "<group>";
		};
		609C18342A8234C8002ADBB5 /* ViewControlles */ = {
			isa = PBXGroup;
			children = (
				60103ED32A7CCA6A00EFDCA2 /* LoginViewController.swift */,
				60103EE32A7CFA5100EFDCA2 /* WelcomeViewController.swift */,
				609C183F2A827044002ADBB5 /* ResumeViewController.swift */,
				609C18412A82705D002ADBB5 /* BioViewController.swift */,
			);
			path = ViewControlles;
			sourceTree = "<group>";
		};
		609C18352A8234E5002ADBB5 /* Storyboards */ = {
			isa = PBXGroup;
			children = (
				60103ED52A7CCA6A00EFDCA2 /* Main.storyboard */,
				60103EDA2A7CCA6A00EFDCA2 /* LaunchScreen.storyboard */,
			);
			path = Storyboards;
			sourceTree = "<group>";
		};
		609C18362A82353C002ADBB5 /* App */ = {
			isa = PBXGroup;
			children = (
				60103ECF2A7CCA6A00EFDCA2 /* AppDelegate.swift */,
				60103ED12A7CCA6A00EFDCA2 /* SceneDelegate.swift */,
				60103EDD2A7CCA6A00EFDCA2 /* Info.plist */,
			);
			path = App;
			sourceTree = "<group>";
		};
		609C18372A8235F1002ADBB5 /* Models */ = {
			isa = PBXGroup;
			children = (
				609C18382A8239F2002ADBB5 /* Users.swift */,
			);
			path = Models;
			sourceTree = "<group>";
		};
		609C183A2A824A3B002ADBB5 /* Images */ = {
			isa = PBXGroup;
			children = (
				609C183D2A825445002ADBB5 /* Media.xcassets */,
			);
			path = Images;
			sourceTree = "<group>";
		};
/* End PBXGroup section */

/* Begin PBXNativeTarget section */
		60103ECB2A7CCA6A00EFDCA2 /* AboutMeApp */ = {
			isa = PBXNativeTarget;
			buildConfigurationList = 60103EE02A7CCA6A00EFDCA2 /* Build configuration list for PBXNativeTarget "AboutMeApp" */;
			buildPhases = (
				60103EC82A7CCA6A00EFDCA2 /* Sources */,
				60103EC92A7CCA6A00EFDCA2 /* Frameworks */,
				60103ECA2A7CCA6A00EFDCA2 /* Resources */,
			);
			buildRules = (
			);
			dependencies = (
			);
			name = AboutMeApp;
			productName = AboutMeApp;
			productReference = 60103ECC2A7CCA6A00EFDCA2 /* AboutMeApp.app */;
			productType = "com.apple.product-type.application";
		};
/* End PBXNativeTarget section */

/* Begin PBXProject section */
		60103EC42A7CCA6A00EFDCA2 /* Project object */ = {
			isa = PBXProject;
			attributes = {
				BuildIndependentTargetsInParallel = 1;
				LastSwiftUpdateCheck = 1430;
				LastUpgradeCheck = 1430;
				TargetAttributes = {
					60103ECB2A7CCA6A00EFDCA2 = {
						CreatedOnToolsVersion = 14.3.1;
					};
				};
			};
			buildConfigurationList = 60103EC72A7CCA6A00EFDCA2 /* Build configuration list for PBXProject "AboutMeApp" */;
			compatibilityVersion = "Xcode 14.0";
			developmentRegion = en;
			hasScannedForEncodings = 0;
			knownRegions = (
				en,
				Base,
			);
			mainGroup = 60103EC32A7CCA6A00EFDCA2;
			productRefGroup = 60103ECD2A7CCA6A00EFDCA2 /* Products */;
			projectDirPath = "";
			projectRoot = "";
			targets = (
				60103ECB2A7CCA6A00EFDCA2 /* AboutMeApp */,
			);
		};
/* End PBXProject section */

/* Begin PBXResourcesBuildPhase section */
		60103ECA2A7CCA6A00EFDCA2 /* Resources */ = {
			isa = PBXResourcesBuildPhase;
			buildActionMask = 2147483647;
			files = (
				60103EDC2A7CCA6A00EFDCA2 /* LaunchScreen.storyboard in Resources */,
				60103ED92A7CCA6A00EFDCA2 /* Assets.xcassets in Resources */,
				609C183E2A825445002ADBB5 /* Media.xcassets in Resources */,
				60103ED72A7CCA6A00EFDCA2 /* Main.storyboard in Resources */,
			);
			runOnlyForDeploymentPostprocessing = 0;
		};
/* End PBXResourcesBuildPhase section */

/* Begin PBXSourcesBuildPhase section */
		60103EC82A7CCA6A00EFDCA2 /* Sources */ = {
			isa = PBXSourcesBuildPhase;
			buildActionMask = 2147483647;
			files = (
				60103ED42A7CCA6A00EFDCA2 /* LoginViewController.swift in Sources */,
				609C18402A827044002ADBB5 /* ResumeViewController.swift in Sources */,
				60103ED02A7CCA6A00EFDCA2 /* AppDelegate.swift in Sources */,
				609C18392A8239F2002ADBB5 /* Users.swift in Sources */,
				609C18422A82705D002ADBB5 /* BioViewController.swift in Sources */,
				60103ED22A7CCA6A00EFDCA2 /* SceneDelegate.swift in Sources */,
				60103EE42A7CFA5100EFDCA2 /* WelcomeViewController.swift in Sources */,
			);
			runOnlyForDeploymentPostprocessing = 0;
		};
/* End PBXSourcesBuildPhase section */

/* Begin PBXVariantGroup section */
		60103ED52A7CCA6A00EFDCA2 /* Main.storyboard */ = {
			isa = PBXVariantGroup;
			children = (
				60103ED62A7CCA6A00EFDCA2 /* Base */,
			);
			name = Main.storyboard;
			sourceTree = "<group>";
		};
		60103EDA2A7CCA6A00EFDCA2 /* LaunchScreen.storyboard */ = {
			isa = PBXVariantGroup;
			children = (
				60103EDB2A7CCA6A00EFDCA2 /* Base */,
			);
			name = LaunchScreen.storyboard;
			sourceTree = "<group>";
		};
/* End PBXVariantGroup section */

/* Begin XCBuildConfiguration section */
		60103EDE2A7CCA6A00EFDCA2 /* Debug */ = {
			isa = XCBuildConfiguration;
			buildSettings = {
				ALWAYS_SEARCH_USER_PATHS = NO;
				CLANG_ANALYZER_NONNULL = YES;
				CLANG_ANALYZER_NUMBER_OBJECT_CONVERSION = YES_AGGRESSIVE;
				CLANG_CXX_LANGUAGE_STANDARD = "gnu++20";
				CLANG_ENABLE_MODULES = YES;
				CLANG_ENABLE_OBJC_ARC = YES;
				CLANG_ENABLE_OBJC_WEAK = YES;
				CLANG_WARN_BLOCK_CAPTURE_AUTORELEASING = YES;
				CLANG_WARN_BOOL_CONVERSION = YES;
				CLANG_WARN_COMMA = YES;
				CLANG_WARN_CONSTANT_CONVERSION = YES;
				CLANG_WARN_DEPRECATED_OBJC_IMPLEMENTATIONS = YES;
				CLANG_WARN_DIRECT_OBJC_ISA_USAGE = YES_ERROR;
				CLANG_WARN_DOCUMENTATION_COMMENTS = YES;
				CLANG_WARN_EMPTY_BODY = YES;
				CLANG_WARN_ENUM_CONVERSION = YES;
				CLANG_WARN_INFINITE_RECURSION = YES;
				CLANG_WARN_INT_CONVERSION = YES;
				CLANG_WARN_NON_LITERAL_NULL_CONVERSION = YES;
				CLANG_WARN_OBJC_IMPLICIT_RETAIN_SELF = YES;
				CLANG_WARN_OBJC_LITERAL_CONVERSION = YES;
				CLANG_WARN_OBJC_ROOT_CLASS = YES_ERROR;
				CLANG_WARN_QUOTED_INCLUDE_IN_FRAMEWORK_HEADER = YES;
				CLANG_WARN_RANGE_LOOP_ANALYSIS = YES;
				CLANG_WARN_STRICT_PROTOTYPES = YES;
				CLANG_WARN_SUSPICIOUS_MOVE = YES;
				CLANG_WARN_UNGUARDED_AVAILABILITY = YES_AGGRESSIVE;
				CLANG_WARN_UNREACHABLE_CODE = YES;
				CLANG_WARN__DUPLICATE_METHOD_MATCH = YES;
				COPY_PHASE_STRIP = NO;
				DEBUG_INFORMATION_FORMAT = dwarf;
				ENABLE_STRICT_OBJC_MSGSEND = YES;
				ENABLE_TESTABILITY = YES;
				GCC_C_LANGUAGE_STANDARD = gnu11;
				GCC_DYNAMIC_NO_PIC = NO;
				GCC_NO_COMMON_BLOCKS = YES;
				GCC_OPTIMIZATION_LEVEL = 0;
				GCC_PREPROCESSOR_DEFINITIONS = (
					"DEBUG=1",
					"$(inherited)",
				);
				GCC_WARN_64_TO_32_BIT_CONVERSION = YES;
				GCC_WARN_ABOUT_RETURN_TYPE = YES_ERROR;
				GCC_WARN_UNDECLARED_SELECTOR = YES;
				GCC_WARN_UNINITIALIZED_AUTOS = YES_AGGRESSIVE;
				GCC_WARN_UNUSED_FUNCTION = YES;
				GCC_WARN_UNUSED_VARIABLE = YES;
				IPHONEOS_DEPLOYMENT_TARGET = 16.4;
				MTL_ENABLE_DEBUG_INFO = INCLUDE_SOURCE;
				MTL_FAST_MATH = YES;
				ONLY_ACTIVE_ARCH = YES;
				SDKROOT = iphoneos;
				SWIFT_ACTIVE_COMPILATION_CONDITIONS = DEBUG;
				SWIFT_OPTIMIZATION_LEVEL = "-Onone";
			};
			name = Debug;
		};
		60103EDF2A7CCA6A00EFDCA2 /* Release */ = {
			isa = XCBuildConfiguration;
			buildSettings = {
				ALWAYS_SEARCH_USER_PATHS = NO;
				CLANG_ANALYZER_NONNULL = YES;
				CLANG_ANALYZER_NUMBER_OBJECT_CONVERSION = YES_AGGRESSIVE;
				CLANG_CXX_LANGUAGE_STANDARD = "gnu++20";
				CLANG_ENABLE_MODULES = YES;
				CLANG_ENABLE_OBJC_ARC = YES;
				CLANG_ENABLE_OBJC_WEAK = YES;
				CLANG_WARN_BLOCK_CAPTURE_AUTORELEASING = YES;
				CLANG_WARN_BOOL_CONVERSION = YES;
				CLANG_WARN_COMMA = YES;
				CLANG_WARN_CONSTANT_CONVERSION = YES;
				CLANG_WARN_DEPRECATED_OBJC_IMPLEMENTATIONS = YES;
				CLANG_WARN_DIRECT_OBJC_ISA_USAGE = YES_ERROR;
				CLANG_WARN_DOCUMENTATION_COMMENTS = YES;
				CLANG_WARN_EMPTY_BODY = YES;
				CLANG_WARN_ENUM_CONVERSION = YES;
				CLANG_WARN_INFINITE_RECURSION = YES;
				CLANG_WARN_INT_CONVERSION = YES;
				CLANG_WARN_NON_LITERAL_NULL_CONVERSION = YES;
				CLANG_WARN_OBJC_IMPLICIT_RETAIN_SELF = YES;
				CLANG_WARN_OBJC_LITERAL_CONVERSION = YES;
				CLANG_WARN_OBJC_ROOT_CLASS = YES_ERROR;
				CLANG_WARN_QUOTED_INCLUDE_IN_FRAMEWORK_HEADER = YES;
				CLANG_WARN_RANGE_LOOP_ANALYSIS = YES;
				CLANG_WARN_STRICT_PROTOTYPES = YES;
				CLANG_WARN_SUSPICIOUS_MOVE = YES;
				CLANG_WARN_UNGUARDED_AVAILABILITY = YES_AGGRESSIVE;
				CLANG_WARN_UNREACHABLE_CODE = YES;
				CLANG_WARN__DUPLICATE_METHOD_MATCH = YES;
				COPY_PHASE_STRIP = NO;
				DEBUG_INFORMATION_FORMAT = "dwarf-with-dsym";
				ENABLE_NS_ASSERTIONS = NO;
				ENABLE_STRICT_OBJC_MSGSEND = YES;
				GCC_C_LANGUAGE_STANDARD = gnu11;
				GCC_NO_COMMON_BLOCKS = YES;
				GCC_WARN_64_TO_32_BIT_CONVERSION = YES;
				GCC_WARN_ABOUT_RETURN_TYPE = YES_ERROR;
				GCC_WARN_UNDECLARED_SELECTOR = YES;
				GCC_WARN_UNINITIALIZED_AUTOS = YES_AGGRESSIVE;
				GCC_WARN_UNUSED_FUNCTION = YES;
				GCC_WARN_UNUSED_VARIABLE = YES;
				IPHONEOS_DEPLOYMENT_TARGET = 16.4;
				MTL_ENABLE_DEBUG_INFO = NO;
				MTL_FAST_MATH = YES;
				SDKROOT = iphoneos;
				SWIFT_COMPILATION_MODE = wholemodule;
				SWIFT_OPTIMIZATION_LEVEL = "-O";
				VALIDATE_PRODUCT = YES;
			};
			name = Release;
		};
		60103EE12A7CCA6A00EFDCA2 /* Debug */ = {
			isa = XCBuildConfiguration;
			buildSettings = {
				ASSETCATALOG_COMPILER_APPICON_NAME = AppIcon;
				ASSETCATALOG_COMPILER_GLOBAL_ACCENT_COLOR_NAME = AccentColor;
				CODE_SIGN_STYLE = Automatic;
				CURRENT_PROJECT_VERSION = 1;
				DEVELOPMENT_TEAM = FVQZR7MUR6;
				GENERATE_INFOPLIST_FILE = YES;
				INFOPLIST_FILE = AboutMeApp/App/Info.plist;
				INFOPLIST_KEY_UIApplicationSupportsIndirectInputEvents = YES;
				INFOPLIST_KEY_UILaunchStoryboardName = LaunchScreen;
				INFOPLIST_KEY_UIMainStoryboardFile = Main;
				INFOPLIST_KEY_UISupportedInterfaceOrientations = UIInterfaceOrientationPortrait;
				INFOPLIST_KEY_UISupportedInterfaceOrientations_iPad = "UIInterfaceOrientationLandscapeLeft UIInterfaceOrientationLandscapeRight UIInterfaceOrientationPortrait UIInterfaceOrientationPortraitUpsideDown";
				LD_RUNPATH_SEARCH_PATHS = (
					"$(inherited)",
					"@executable_path/Frameworks",
				);
				MARKETING_VERSION = 0.1.0;
				PRODUCT_BUNDLE_IDENTIFIER = "Vydrin-S.V.AboutMeApp";
				PRODUCT_NAME = "$(TARGET_NAME)";
				SUPPORTED_PLATFORMS = "iphoneos iphonesimulator";
				SUPPORTS_MACCATALYST = NO;
				SUPPORTS_MAC_DESIGNED_FOR_IPHONE_IPAD = NO;
				SWIFT_EMIT_LOC_STRINGS = YES;
				SWIFT_VERSION = 5.0;
				TARGETED_DEVICE_FAMILY = 1;
			};
			name = Debug;
		};
		60103EE22A7CCA6A00EFDCA2 /* Release */ = {
			isa = XCBuildConfiguration;
			buildSettings = {
				ASSETCATALOG_COMPILER_APPICON_NAME = AppIcon;
				ASSETCATALOG_COMPILER_GLOBAL_ACCENT_COLOR_NAME = AccentColor;
				CODE_SIGN_STYLE = Automatic;
				CURRENT_PROJECT_VERSION = 1;
				DEVELOPMENT_TEAM = FVQZR7MUR6;
				GENERATE_INFOPLIST_FILE = YES;
				INFOPLIST_FILE = AboutMeApp/App/Info.plist;
				INFOPLIST_KEY_UIApplicationSupportsIndirectInputEvents = YES;
				INFOPLIST_KEY_UILaunchStoryboardName = LaunchScreen;
				INFOPLIST_KEY_UIMainStoryboardFile = Main;
				INFOPLIST_KEY_UISupportedInterfaceOrientations = UIInterfaceOrientationPortrait;
				INFOPLIST_KEY_UISupportedInterfaceOrientations_iPad = "UIInterfaceOrientationLandscapeLeft UIInterfaceOrientationLandscapeRight UIInterfaceOrientationPortrait UIInterfaceOrientationPortraitUpsideDown";
				LD_RUNPATH_SEARCH_PATHS = (
					"$(inherited)",
					"@executable_path/Frameworks",
				);
				MARKETING_VERSION = 0.1.0;
				PRODUCT_BUNDLE_IDENTIFIER = "Vydrin-S.V.AboutMeApp";
				PRODUCT_NAME = "$(TARGET_NAME)";
				SUPPORTED_PLATFORMS = "iphoneos iphonesimulator";
				SUPPORTS_MACCATALYST = NO;
				SUPPORTS_MAC_DESIGNED_FOR_IPHONE_IPAD = NO;
				SWIFT_EMIT_LOC_STRINGS = YES;
				SWIFT_VERSION = 5.0;
				TARGETED_DEVICE_FAMILY = 1;
			};
			name = Release;
		};
/* End XCBuildConfiguration section */

/* Begin XCConfigurationList section */
		60103EC72A7CCA6A00EFDCA2 /* Build configuration list for PBXProject "AboutMeApp" */ = {
			isa = XCConfigurationList;
			buildConfigurations = (
				60103EDE2A7CCA6A00EFDCA2 /* Debug */,
				60103EDF2A7CCA6A00EFDCA2 /* Release */,
			);
			defaultConfigurationIsVisible = 0;
			defaultConfigurationName = Release;
		};
		60103EE02A7CCA6A00EFDCA2 /* Build configuration list for PBXNativeTarget "AboutMeApp" */ = {
			isa = XCConfigurationList;
			buildConfigurations = (
				60103EE12A7CCA6A00EFDCA2 /* Debug */,
				60103EE22A7CCA6A00EFDCA2 /* Release */,
			);
			defaultConfigurationIsVisible = 0;
			defaultConfigurationName = Release;
		};
/* End XCConfigurationList section */
	};
	rootObject = 60103EC42A7CCA6A00EFDCA2 /* Project object */;
}
